<?xml version="1.0" encoding="utf-8"?>
<Project ToolsVersion="4.0" xmlns="http://schemas.microsoft.com/developer/msbuild/2003">
  <ItemGroup>
    <Filter Include="General">
      <UniqueIdentifier>{4FC737F1-C7A5-4376-A066-2A32D752A2FF}</UniqueIdentifier>
      <Extensions>
      </Extensions>
    </Filter>
    <Filter Include="Math">
      <UniqueIdentifier>{fda1f76c-5954-42c0-9047-358ca33a092f}</UniqueIdentifier>
    </Filter>
    <Filter Include="Core">
      <UniqueIdentifier>{82978096-a4b1-4478-805c-ccae19648baf}</UniqueIdentifier>
    </Filter>
    <Filter Include="Input">
      <UniqueIdentifier>{b5381998-f882-43e1-b5b4-ee69c697fb0a}</UniqueIdentifier>
    </Filter>
    <Filter Include="Renderer">
      <UniqueIdentifier>{d1d19e62-8ce5-407e-add5-34eb25c3b2c7}</UniqueIdentifier>
    </Filter>
    <Filter Include="Actor">
      <UniqueIdentifier>{ac539f74-e9fc-43a0-885c-7d570fc2f29e}</UniqueIdentifier>
    </Filter>
    <Filter Include="Model">
      <UniqueIdentifier>{894a9ff7-8048-4876-9afd-de01619c2746}</UniqueIdentifier>
    </Filter>
    <Filter Include="Text">
      <UniqueIdentifier>{36e1a405-6be6-4df1-9ee6-fe384bfdf0ca}</UniqueIdentifier>
    </Filter>
    <Filter Include="Memory">
      <UniqueIdentifier>{4eb35cd3-076b-436a-b6ab-363e3cbf63d0}</UniqueIdentifier>
    </Filter>
    <Filter Include="Network">
      <UniqueIdentifier>{4b1f61d1-0fc7-4679-853d-abc35a61b400}</UniqueIdentifier>
    </Filter>
    <Filter Include="UI">
      <UniqueIdentifier>{90124267-01ea-4771-b671-6ffb8497e59f}</UniqueIdentifier>
    </Filter>
    <Filter Include="ThirdParty">
      <UniqueIdentifier>{e8ceba39-e0f9-491f-9715-6538450ecd72}</UniqueIdentifier>
    </Filter>
    <Filter Include="ThirdParty\fmod">
      <UniqueIdentifier>{622c6996-23fd-46e7-bcfd-fa004a24ee8b}</UniqueIdentifier>
    </Filter>
    <Filter Include="ThirdParty\MikkT">
      <UniqueIdentifier>{953740b2-5773-4d79-859f-f9a4076718dd}</UniqueIdentifier>
    </Filter>
    <Filter Include="ThirdParty\OpenGL">
      <UniqueIdentifier>{5b3c8186-c17e-4cd0-852e-b45ba0aa13b4}</UniqueIdentifier>
    </Filter>
    <Filter Include="ThirdParty\stb">
      <UniqueIdentifier>{cb6e9d33-f870-4ecb-a6f5-7862b7a9946a}</UniqueIdentifier>
    </Filter>
    <Filter Include="ThirdParty\XML">
      <UniqueIdentifier>{499a8a23-cdf5-4a1d-a7f8-00a642135313}</UniqueIdentifier>
    </Filter>
    <Filter Include="ThirdParty\shaderc">
      <UniqueIdentifier>{091ef0a8-c5cc-4279-94ff-d3fa3c3c9908}</UniqueIdentifier>
    </Filter>
  </ItemGroup>
  <ItemGroup>
    <ClCompile Include="Math\Vector2.cpp">
      <Filter>Math</Filter>
    </ClCompile>
    <ClCompile Include="Math\MathUtils.cpp">
      <Filter>Math</Filter>
    </ClCompile>
    <ClCompile Include="Core\Time.cpp">
      <Filter>Core</Filter>
    </ClCompile>
    <ClCompile Include="Input\XboxController.cpp">
      <Filter>Input</Filter>
    </ClCompile>
    <ClCompile Include="Input\TheKeyboard.cpp">
      <Filter>Input</Filter>
    </ClCompile>
    <ClCompile Include="Core\StringUtils.cpp">
      <Filter>Core</Filter>
    </ClCompile>
    <ClCompile Include="Renderer\Texture.cpp">
      <Filter>Renderer</Filter>
    </ClCompile>
    <ClCompile Include="Math\IntVector2.cpp">
      <Filter>Math</Filter>
    </ClCompile>
    <ClCompile Include="Renderer\SpriteSheet.cpp">
      <Filter>Renderer</Filter>
    </ClCompile>
    <ClCompile Include="Core\Audio.cpp">
      <Filter>Core</Filter>
    </ClCompile>
    <ClCompile Include="Math\Vector3.cpp">
      <Filter>Math</Filter>
    </ClCompile>
    <ClCompile Include="Renderer\SpriteAnimation.cpp">
      <Filter>Renderer</Filter>
    </ClCompile>
    <ClCompile Include="Math\IntVector3.cpp">
      <Filter>Math</Filter>
    </ClCompile>
    <ClCompile Include="Math\AABB2.cpp">
      <Filter>Math</Filter>
    </ClCompile>
    <ClCompile Include="Renderer\BitmapFont.cpp">
      <Filter>Renderer</Filter>
    </ClCompile>
    <ClCompile Include="Core\EngineSystemManager.cpp">
      <Filter>Core</Filter>
    </ClCompile>
    <ClCompile Include="Input\TheInput.cpp">
      <Filter>Input</Filter>
    </ClCompile>
    <ClCompile Include="Core\FileUtils.cpp">
      <Filter>Core</Filter>
    </ClCompile>
    <ClCompile Include="Math\Noise.cpp">
      <Filter>Math</Filter>
    </ClCompile>
    <ClCompile Include="Math\AABB3.cpp">
      <Filter>Math</Filter>
    </ClCompile>
    <ClCompile Include="Renderer\OpenGLExtensions.cpp">
      <Filter>Renderer</Filter>
    </ClCompile>
    <ClCompile Include="Renderer\DebugRenderCommand.cpp">
      <Filter>Renderer</Filter>
    </ClCompile>
    <ClCompile Include="Math\Vector4.cpp">
      <Filter>Math</Filter>
    </ClCompile>
    <ClCompile Include="Math\Matrix44.cpp">
      <Filter>Math</Filter>
    </ClCompile>
    <ClCompile Include="Core\EngineCommon.cpp">
      <Filter>Core</Filter>
    </ClCompile>
    <ClCompile Include="Renderer\Mesh.cpp">
      <Filter>Renderer</Filter>
    </ClCompile>
    <ClCompile Include="Renderer\Material.cpp">
      <Filter>Renderer</Filter>
    </ClCompile>
    <ClCompile Include="Renderer\Light.cpp">
      <Filter>Renderer</Filter>
    </ClCompile>
    <ClCompile Include="Renderer\Framebuffer.cpp">
      <Filter>Renderer</Filter>
    </ClCompile>
    <ClCompile Include="Actor\Actor.cpp">
      <Filter>Actor</Filter>
    </ClCompile>
    <ClCompile Include="Actor\Transform.cpp">
      <Filter>Actor</Filter>
    </ClCompile>
    <ClCompile Include="Renderer\MeshRenderer.cpp">
      <Filter>Renderer</Filter>
    </ClCompile>
    <ClCompile Include="Renderer\UniformBlock.cpp">
      <Filter>Renderer</Filter>
    </ClCompile>
    <ClCompile Include="Model\FBX.cpp">
      <Filter>Model</Filter>
    </ClCompile>
    <ClCompile Include="Model\MeshBuilder.cpp">
      <Filter>Model</Filter>
    </ClCompile>
    <ClCompile Include="Model\Skeleton.cpp">
      <Filter>Model</Filter>
    </ClCompile>
    <ClCompile Include="Model\Motion.cpp">
      <Filter>Model</Filter>
    </ClCompile>
    <ClCompile Include="Model\AnimationCurve.cpp">
      <Filter>Model</Filter>
    </ClCompile>
    <ClCompile Include="Text\TextBox.cpp">
      <Filter>Text</Filter>
    </ClCompile>
    <ClCompile Include="Text\StringEffectFragment.cpp">
      <Filter>Text</Filter>
    </ClCompile>
    <ClCompile Include="Text\TextEffect.cpp">
      <Filter>Text</Filter>
    </ClCompile>
    <ClCompile Include="Core\XMLUtils.cpp">
      <Filter>Core</Filter>
    </ClCompile>
    <ClCompile Include="Renderer\ShaderStorageBlock.cpp">
      <Filter>Renderer</Filter>
    </ClCompile>
    <ClCompile Include="Core\ConsoleCommand.cpp">
      <Filter>Core</Filter>
    </ClCompile>
    <ClCompile Include="Core\Memory.cpp">
      <Filter>Core</Filter>
    </ClCompile>
    <ClCompile Include="Core\callstack.cpp">
      <Filter>Core</Filter>
    </ClCompile>
    <ClCompile Include="Memory\CriticalSection.cpp">
      <Filter>Memory</Filter>
    </ClCompile>
    <ClCompile Include="Core\Logger.cpp">
      <Filter>Core</Filter>
    </ClCompile>
    <ClCompile Include="Renderer\GLRenderer.cpp">
      <Filter>Renderer</Filter>
    </ClCompile>
    <ClCompile Include="Renderer\SpriteRenderer.cpp">
      <Filter>Renderer</Filter>
    </ClCompile>
    <ClCompile Include="Core\Profiler.cpp">
      <Filter>Core</Filter>
    </ClCompile>
    <ClCompile Include="Renderer\ParticleSystem.cpp">
      <Filter>Renderer</Filter>
    </ClCompile>
    <ClCompile Include="Renderer\Sprite.cpp">
      <Filter>Renderer</Filter>
    </ClCompile>
    <ClCompile Include="Model\Animator.cpp">
      <Filter>Model</Filter>
    </ClCompile>
    <ClCompile Include="Core\JobSystem.cpp">
      <Filter>Core</Filter>
    </ClCompile>
    <ClCompile Include="Model\AnimationGraph.cpp">
      <Filter>Model</Filter>
    </ClCompile>
    <ClCompile Include="Core\Clock.cpp">
      <Filter>Core</Filter>
    </ClCompile>
    <ClCompile Include="Network\NetworkSystem.cpp">
      <Filter>Network</Filter>
    </ClCompile>
    <ClCompile Include="Network\RemoteCommandService.cpp">
      <Filter>Network</Filter>
    </ClCompile>
    <ClCompile Include="Network\TCPListener.cpp">
      <Filter>Network</Filter>
    </ClCompile>
    <ClCompile Include="Network\TCPConnection.cpp">
      <Filter>Network</Filter>
    </ClCompile>
    <ClCompile Include="Network\NetSession.cpp">
      <Filter>Network</Filter>
    </ClCompile>
    <ClCompile Include="Network\NetMessage.cpp">
      <Filter>Network</Filter>
    </ClCompile>
    <ClCompile Include="Network\NetPacket.cpp">
      <Filter>Network</Filter>
    </ClCompile>
    <ClCompile Include="Core\EventSystem.cpp">
      <Filter>Core</Filter>
    </ClCompile>
    <ClCompile Include="Network\NetConnection.cpp">
      <Filter>Network</Filter>
    </ClCompile>
    <ClCompile Include="Core\BytePacker.cpp">
      <Filter>Core</Filter>
    </ClCompile>
    <ClCompile Include="Network\PacketChannel.cpp">
      <Filter>Network</Filter>
    </ClCompile>
    <ClCompile Include="Network\VoiceChatSystem.cpp">
      <Filter>Network</Filter>
    </ClCompile>
    <ClCompile Include="UI\BaseWidget.cpp">
      <Filter>UI</Filter>
    </ClCompile>
    <ClCompile Include="UI\TextWidget.cpp">
      <Filter>UI</Filter>
    </ClCompile>
    <ClCompile Include="UI\KeyframeProperty.cpp">
      <Filter>UI</Filter>
    </ClCompile>
    <ClCompile Include="UI\GroupWidget.cpp">
      <Filter>UI</Filter>
    </ClCompile>
    <ClCompile Include="UI\UISystem.cpp">
      <Filter>UI</Filter>
    </ClCompile>
    <ClCompile Include="Renderer\VulkanUtils.cpp">
      <Filter>Renderer</Filter>
    </ClCompile>
    <ClCompile Include="Core\ErrorWarningAssert.cpp">
      <Filter>Core</Filter>
    </ClCompile>
    <ClCompile Include="..\ThirdParty\MikkT\mikktspace.c">
      <Filter>ThirdParty\MikkT</Filter>
    </ClCompile>
    <ClCompile Include="..\ThirdParty\stb\stb_image.c">
      <Filter>ThirdParty\stb</Filter>
    </ClCompile>
    <ClCompile Include="..\ThirdParty\XML\xml.cpp">
      <Filter>ThirdParty\XML</Filter>
    </ClCompile>
  </ItemGroup>
  <ItemGroup>
    <ClInclude Include="Math\Vector2.hpp">
      <Filter>Math</Filter>
    </ClInclude>
    <ClInclude Include="Math\MathUtils.hpp">
      <Filter>Math</Filter>
    </ClInclude>
    <ClInclude Include="Core\Time.hpp">
      <Filter>Core</Filter>
    </ClInclude>
    <ClInclude Include="Input\XboxController.hpp">
      <Filter>Input</Filter>
    </ClInclude>
    <ClInclude Include="Input\TheKeyboard.hpp">
      <Filter>Input</Filter>
    </ClInclude>
    <ClInclude Include="Core\StringUtils.hpp">
      <Filter>Core</Filter>
    </ClInclude>
    <ClInclude Include="Renderer\Texture.hpp">
      <Filter>Renderer</Filter>
    </ClInclude>
    <ClInclude Include="Math\IntVector2.hpp">
      <Filter>Math</Filter>
    </ClInclude>
    <ClInclude Include="Renderer\SpriteSheet.hpp">
      <Filter>Renderer</Filter>
    </ClInclude>
    <ClInclude Include="Core\Audio.hpp">
      <Filter>Core</Filter>
    </ClInclude>
    <ClInclude Include="Math\Vector3.hpp">
      <Filter>Math</Filter>
    </ClInclude>
    <ClInclude Include="Renderer\SpriteAnimation.hpp">
      <Filter>Renderer</Filter>
    </ClInclude>
    <ClInclude Include="Math\IntVector3.hpp">
      <Filter>Math</Filter>
    </ClInclude>
    <ClInclude Include="Math\AABB2.hpp">
      <Filter>Math</Filter>
    </ClInclude>
    <ClInclude Include="Renderer\BitmapFont.hpp">
      <Filter>Renderer</Filter>
    </ClInclude>
    <ClInclude Include="Core\EngineSystemManager.hpp">
      <Filter>Core</Filter>
    </ClInclude>
    <ClInclude Include="Input\TheInput.hpp">
      <Filter>Input</Filter>
    </ClInclude>
    <ClInclude Include="Core\FileUtils.hpp">
      <Filter>Core</Filter>
    </ClInclude>
    <ClInclude Include="Math\Noise.hpp">
      <Filter>Math</Filter>
    </ClInclude>
    <ClInclude Include="Math\AABB3.hpp">
      <Filter>Math</Filter>
    </ClInclude>
    <ClInclude Include="Renderer\OpenGLExtensions.hpp">
      <Filter>Renderer</Filter>
    </ClInclude>
    <ClInclude Include="Renderer\DebugRenderCommand.hpp">
      <Filter>Renderer</Filter>
    </ClInclude>
    <ClInclude Include="Math\Vector4.hpp">
      <Filter>Math</Filter>
    </ClInclude>
    <ClInclude Include="Math\Matrix44.hpp">
      <Filter>Math</Filter>
    </ClInclude>
    <ClInclude Include="Core\EngineCommon.hpp">
      <Filter>Core</Filter>
    </ClInclude>
    <ClInclude Include="Renderer\Mesh.hpp">
      <Filter>Renderer</Filter>
    </ClInclude>
    <ClInclude Include="Renderer\Material.hpp">
      <Filter>Renderer</Filter>
    </ClInclude>
    <ClInclude Include="Renderer\Light.hpp">
      <Filter>Renderer</Filter>
    </ClInclude>
    <ClInclude Include="Renderer\Framebuffer.hpp">
      <Filter>Renderer</Filter>
    </ClInclude>
    <ClInclude Include="Actor\Actor.hpp">
      <Filter>Actor</Filter>
    </ClInclude>
    <ClInclude Include="Actor\Transform.hpp">
      <Filter>Actor</Filter>
    </ClInclude>
    <ClInclude Include="Renderer\MeshRenderer.hpp">
      <Filter>Renderer</Filter>
    </ClInclude>
    <ClInclude Include="Renderer\Rgba.hpp">
      <Filter>Renderer</Filter>
    </ClInclude>
    <ClInclude Include="Renderer\UniformBlock.hpp">
      <Filter>Renderer</Filter>
    </ClInclude>
    <ClInclude Include="Model\FBX.hpp">
      <Filter>Model</Filter>
    </ClInclude>
    <ClInclude Include="Math\Matrix44Stack.hpp">
      <Filter>Math</Filter>
    </ClInclude>
    <ClInclude Include="Model\MeshBuilder.hpp">
      <Filter>Model</Filter>
    </ClInclude>
    <ClInclude Include="Core\BinaryReader.hpp">
      <Filter>Core</Filter>
    </ClInclude>
    <ClInclude Include="Core\BinaryWriter.hpp">
      <Filter>Core</Filter>
    </ClInclude>
    <ClInclude Include="Model\Skeleton.hpp">
      <Filter>Model</Filter>
    </ClInclude>
    <ClInclude Include="Model\Motion.hpp">
      <Filter>Model</Filter>
    </ClInclude>
    <ClInclude Include="Model\AnimationCurve.hpp">
      <Filter>Model</Filter>
    </ClInclude>
    <ClInclude Include="Text\TextBox.hpp">
      <Filter>Text</Filter>
    </ClInclude>
    <ClInclude Include="Text\StringEffectFragment.hpp">
      <Filter>Text</Filter>
    </ClInclude>
    <ClInclude Include="Text\TextEffect.hpp">
      <Filter>Text</Filter>
    </ClInclude>
    <ClInclude Include="Core\XMLUtils.hpp">
      <Filter>Core</Filter>
    </ClInclude>
    <ClInclude Include="Renderer\ShaderStorageBlock.hpp">
      <Filter>Renderer</Filter>
    </ClInclude>
    <ClInclude Include="Core\ConsoleCommand.hpp">
      <Filter>Core</Filter>
    </ClInclude>
    <ClInclude Include="Core\Memory.hpp">
      <Filter>Core</Filter>
    </ClInclude>
    <ClInclude Include="Core\callstack.h">
      <Filter>Core</Filter>
    </ClInclude>
    <ClInclude Include="Memory\CriticalSection.hpp">
      <Filter>Memory</Filter>
    </ClInclude>
    <ClInclude Include="Memory\ThreadSafeSTL.hpp">
      <Filter>Memory</Filter>
    </ClInclude>
    <ClInclude Include="Core\Logger.hpp">
      <Filter>Core</Filter>
    </ClInclude>
    <ClInclude Include="Renderer\GLRenderer.hpp">
      <Filter>Renderer</Filter>
    </ClInclude>
    <ClInclude Include="Renderer\DXRenderer.hpp">
      <Filter>Renderer</Filter>
    </ClInclude>
    <ClInclude Include="Renderer\TheRenderer.hpp">
      <Filter>Renderer</Filter>
    </ClInclude>
    <ClInclude Include="Renderer\SpriteRenderer.hpp">
      <Filter>Renderer</Filter>
    </ClInclude>
    <ClInclude Include="Core\Profiler.hpp">
      <Filter>Core</Filter>
    </ClInclude>
    <ClInclude Include="Core\BuildConfig.hpp">
      <Filter>Core</Filter>
    </ClInclude>
    <ClInclude Include="Core\ObjectPool.hpp">
      <Filter>Core</Filter>
    </ClInclude>
    <ClInclude Include="Renderer\ParticleSystem.hpp">
      <Filter>Renderer</Filter>
    </ClInclude>
    <ClInclude Include="Math\Range.hpp">
      <Filter>Math</Filter>
    </ClInclude>
    <ClInclude Include="Renderer\Sprite.hpp">
      <Filter>Renderer</Filter>
    </ClInclude>
    <ClInclude Include="Renderer\RendererInterface.hpp">
      <Filter>Renderer</Filter>
    </ClInclude>
    <ClInclude Include="Model\Animator.hpp">
      <Filter>Model</Filter>
    </ClInclude>
    <ClInclude Include="Model\AnimationGraph.hpp">
      <Filter>Model</Filter>
    </ClInclude>
    <ClInclude Include="Core\JobSystem.hpp">
      <Filter>Core</Filter>
    </ClInclude>
    <ClInclude Include="Core\ReferenceCount.hpp">
      <Filter>Core</Filter>
    </ClInclude>
    <ClInclude Include="Core\LinearAllocator.hpp">
      <Filter>Core</Filter>
    </ClInclude>
    <ClInclude Include="Core\Clock.hpp">
      <Filter>Core</Filter>
    </ClInclude>
    <ClInclude Include="Network\RemoteCommandService.hpp">
      <Filter>Network</Filter>
    </ClInclude>
    <ClInclude Include="Network\TCPConnection.hpp">
      <Filter>Network</Filter>
    </ClInclude>
    <ClInclude Include="Network\NetworkSystem.hpp">
      <Filter>Network</Filter>
    </ClInclude>
    <ClInclude Include="Network\TCPListener.hpp">
      <Filter>Network</Filter>
    </ClInclude>
    <ClInclude Include="Network\NetSession.hpp">
      <Filter>Network</Filter>
    </ClInclude>
    <ClInclude Include="Network\NetMessage.hpp">
      <Filter>Network</Filter>
    </ClInclude>
    <ClInclude Include="Network\NetPacket.hpp">
      <Filter>Network</Filter>
    </ClInclude>
    <ClInclude Include="Core\EventSystem.hpp">
      <Filter>Core</Filter>
    </ClInclude>
    <ClInclude Include="Network\NetConnection.hpp">
      <Filter>Network</Filter>
    </ClInclude>
    <ClInclude Include="Core\BytePacker.hpp">
      <Filter>Core</Filter>
    </ClInclude>
    <ClInclude Include="Network\PacketChannel.hpp">
      <Filter>Network</Filter>
    </ClInclude>
    <ClInclude Include="Network\VoiceChatSystem.hpp">
      <Filter>Network</Filter>
    </ClInclude>
    <ClInclude Include="UI\BaseWidget.hpp">
      <Filter>UI</Filter>
    </ClInclude>
    <ClInclude Include="UI\TextWidget.hpp">
      <Filter>UI</Filter>
    </ClInclude>
    <ClInclude Include="UI\KeyframeProperty.hpp">
      <Filter>UI</Filter>
    </ClInclude>
    <ClInclude Include="UI\GroupWidget.hpp">
      <Filter>UI</Filter>
    </ClInclude>
    <ClInclude Include="UI\UISystem.hpp">
      <Filter>UI</Filter>
    </ClInclude>
    <ClInclude Include="Renderer\VulkanUtils.hpp">
      <Filter>Renderer</Filter>
    </ClInclude>
    <ClInclude Include="Core\ErrorWarningAssert.hpp">
      <Filter>Core</Filter>
    </ClInclude>
    <ClInclude Include="..\ThirdParty\fmod\fmod.h">
      <Filter>ThirdParty\fmod</Filter>
    </ClInclude>
    <ClInclude Include="..\ThirdParty\fmod\fmod.hpp">
      <Filter>ThirdParty\fmod</Filter>
    </ClInclude>
    <ClInclude Include="..\ThirdParty\MikkT\mikktspace.h">
      <Filter>ThirdParty\MikkT</Filter>
    </ClInclude>
    <ClInclude Include="..\ThirdParty\OpenGL\glext.h">
      <Filter>ThirdParty\OpenGL</Filter>
    </ClInclude>
    <ClInclude Include="..\ThirdParty\OpenGL\wglext.h">
      <Filter>ThirdParty\OpenGL</Filter>
    </ClInclude>
    <ClInclude Include="..\ThirdParty\stb\stb_image_write.h">
      <Filter>ThirdParty\stb</Filter>
    </ClInclude>
    <ClInclude Include="..\ThirdParty\XML\xml.hpp">
      <Filter>ThirdParty\XML</Filter>
    </ClInclude>
  </ItemGroup>
  <ItemGroup>
    <None Include="Core\ObjectPool.inl">
      <Filter>Core</Filter>
    </None>
    <None Include="Network\NetPacket.inl">
      <Filter>Network</Filter>
    </None>
    <None Include="Network\NetMessage.inl">
      <Filter>Network</Filter>
    </None>
    <None Include="UI\KeyframeProperty.inl">
      <Filter>UI</Filter>
    </None>
  </ItemGroup>
</Project>